// !$*UTF8*$!
{
	archiveVersion = 1;
	classes = {
	};
	objectVersion = 55;
	objects = {

/* Begin PBXBuildFile section */
		8009CDFB2935F0AF00291759 /* Flower1.jpeg in Resources */ = {isa = PBXBuildFile; fileRef = 8009CDFA2935F0AF00291759 /* Flower1.jpeg */; };
		8009CE002935F0BF00291759 /* flower-4.jpeg in Resources */ = {isa = PBXBuildFile; fileRef = 8009CDFC2935F0BE00291759 /* flower-4.jpeg */; };
		8009CE012935F0BF00291759 /* flower-5.jpeg in Resources */ = {isa = PBXBuildFile; fileRef = 8009CDFD2935F0BF00291759 /* flower-5.jpeg */; };
		8009CE022935F0BF00291759 /* Flower2.jpeg in Resources */ = {isa = PBXBuildFile; fileRef = 8009CDFE2935F0BF00291759 /* Flower2.jpeg */; };
		8009CE032935F0BF00291759 /* Flower3.jpeg in Resources */ = {isa = PBXBuildFile; fileRef = 8009CDFF2935F0BF00291759 /* Flower3.jpeg */; };
		8009CE052936025600291759 /* TabBarControllerVC2.swift in Sources */ = {isa = PBXBuildFile; fileRef = 8009CE042936025600291759 /* TabBarControllerVC2.swift */; };
		8009CE07293602F000291759 /* User.swift in Sources */ = {isa = PBXBuildFile; fileRef = 8009CE06293602F000291759 /* User.swift */; };
		8009CE0D2936069B00291759 /* VC3.swift in Sources */ = {isa = PBXBuildFile; fileRef = 8009CE0C2936069B00291759 /* VC3.swift */; };
		8009CE0F29360ED500291759 /* CellData.swift in Sources */ = {isa = PBXBuildFile; fileRef = 8009CE0E29360ED500291759 /* CellData.swift */; };
		8009CE1129360EE300291759 /* CellData.xib in Resources */ = {isa = PBXBuildFile; fileRef = 8009CE1029360EE300291759 /* CellData.xib */; };
		80FA00BD2934CCB6009AB229 /* AppDelegate.swift in Sources */ = {isa = PBXBuildFile; fileRef = 80FA00BC2934CCB6009AB229 /* AppDelegate.swift */; };
		80FA00BF2934CCB6009AB229 /* SceneDelegate.swift in Sources */ = {isa = PBXBuildFile; fileRef = 80FA00BE2934CCB6009AB229 /* SceneDelegate.swift */; };
		80FA00C12934CCB6009AB229 /* ViewController.swift in Sources */ = {isa = PBXBuildFile; fileRef = 80FA00C02934CCB6009AB229 /* ViewController.swift */; };
		80FA00C42934CCB6009AB229 /* Main.storyboard in Resources */ = {isa = PBXBuildFile; fileRef = 80FA00C22934CCB6009AB229 /* Main.storyboard */; };
		80FA00C62934CCBB009AB229 /* Assets.xcassets in Resources */ = {isa = PBXBuildFile; fileRef = 80FA00C52934CCBB009AB229 /* Assets.xcassets */; };
		80FA00C92934CCBB009AB229 /* LaunchScreen.storyboard in Resources */ = {isa = PBXBuildFile; fileRef = 80FA00C72934CCBB009AB229 /* LaunchScreen.storyboard */; };
		80FA00D72934D539009AB229 /* CollectionViewCell.swift in Sources */ = {isa = PBXBuildFile; fileRef = 80FA00D62934D539009AB229 /* CollectionViewCell.swift */; };
/* End PBXBuildFile section */

/* Begin PBXFileReference section */
		8009CDFA2935F0AF00291759 /* Flower1.jpeg */ = {isa = PBXFileReference; lastKnownFileType = image.jpeg; name = Flower1.jpeg; path = "../../../Asset Images/Flower1.jpeg"; sourceTree = "<group>"; };
		8009CDFC2935F0BE00291759 /* flower-4.jpeg */ = {isa = PBXFileReference; lastKnownFileType = image.jpeg; name = "flower-4.jpeg"; path = "../../../Asset Images/flower-4.jpeg"; sourceTree = "<group>"; };
		8009CDFD2935F0BF00291759 /* flower-5.jpeg */ = {isa = PBXFileReference; lastKnownFileType = image.jpeg; name = "flower-5.jpeg"; path = "../../../Asset Images/flower-5.jpeg"; sourceTree = "<group>"; };
		8009CDFE2935F0BF00291759 /* Flower2.jpeg */ = {isa = PBXFileReference; lastKnownFileType = image.jpeg; name = Flower2.jpeg; path = "../../../Asset Images/Flower2.jpeg"; sourceTree = "<group>"; };
		8009CDFF2935F0BF00291759 /* Flower3.jpeg */ = {isa = PBXFileReference; lastKnownFileType = image.jpeg; name = Flower3.jpeg; path = "../../../Asset Images/Flower3.jpeg"; sourceTree = "<group>"; };
		8009CE042936025600291759 /* TabBarControllerVC2.swift */ = {isa = PBXFileReference; lastKnownFileType = sourcecode.swift; path = TabBarControllerVC2.swift; sourceTree = "<group>"; };
		8009CE06293602F000291759 /* User.swift */ = {isa = PBXFileReference; lastKnownFileType = sourcecode.swift; path = User.swift; sourceTree = "<group>"; };
		8009CE0C2936069B00291759 /* VC3.swift */ = {isa = PBXFileReference; lastKnownFileType = sourcecode.swift; path = VC3.swift; sourceTree = "<group>"; };
		8009CE0E29360ED500291759 /* CellData.swift */ = {isa = PBXFileReference; fileEncoding = 4; lastKnownFileType = sourcecode.swift; path = CellData.swift; sourceTree = "<group>"; };
		8009CE1029360EE300291759 /* CellData.xib */ = {isa = PBXFileReference; fileEncoding = 4; lastKnownFileType = file.xib; path = CellData.xib; sourceTree = "<group>"; };
		80FA00B92934CCB6009AB229 /* TabBarDemo.app */ = {isa = PBXFileReference; explicitFileType = wrapper.application; includeInIndex = 0; path = TabBarDemo.app; sourceTree = BUILT_PRODUCTS_DIR; };
		80FA00BC2934CCB6009AB229 /* AppDelegate.swift */ = {isa = PBXFileReference; lastKnownFileType = sourcecode.swift; path = AppDelegate.swift; sourceTree = "<group>"; };
		80FA00BE2934CCB6009AB229 /* SceneDelegate.swift */ = {isa = PBXFileReference; lastKnownFileType = sourcecode.swift; path = SceneDelegate.swift; sourceTree = "<group>"; };
		80FA00C02934CCB6009AB229 /* ViewController.swift */ = {isa = PBXFileReference; lastKnownFileType = sourcecode.swift; path = ViewController.swift; sourceTree = "<group>"; };
		80FA00C32934CCB6009AB229 /* Base */ = {isa = PBXFileReference; lastKnownFileType = file.storyboard; name = Base; path = Base.lproj/Main.storyboard; sourceTree = "<group>"; };
		80FA00C52934CCBB009AB229 /* Assets.xcassets */ = {isa = PBXFileReference; lastKnownFileType = folder.assetcatalog; path = Assets.xcassets; sourceTree = "<group>"; };
		80FA00C82934CCBB009AB229 /* Base */ = {isa = PBXFileReference; lastKnownFileType = file.storyboard; name = Base; path = Base.lproj/LaunchScreen.storyboard; sourceTree = "<group>"; };
		80FA00CA2934CCBB009AB229 /* Info.plist */ = {isa = PBXFileReference; lastKnownFileType = text.plist.xml; path = Info.plist; sourceTree = "<group>"; };
		80FA00D62934D539009AB229 /* CollectionViewCell.swift */ = {isa = PBXFileReference; lastKnownFileType = sourcecode.swift; path = CollectionViewCell.swift; sourceTree = "<group>"; };
/* End PBXFileReference section */

/* Begin PBXFrameworksBuildPhase section */
		80FA00B62934CCB6009AB229 /* Frameworks */ = {
			isa = PBXFrameworksBuildPhase;
			buildActionMask = 2147483647;
			files = (
			);
			runOnlyForDeploymentPostprocessing = 0;
		};
/* End PBXFrameworksBuildPhase section */

/* Begin PBXGroup section */
		80FA00B02934CCB6009AB229 = {
			isa = PBXGroup;
			children = (
				8009CE042936025600291759 /* TabBarControllerVC2.swift */,
				80FA00BB2934CCB6009AB229 /* TabBarDemo */,
				80FA00BA2934CCB6009AB229 /* Products */,
			);
			sourceTree = "<group>";
		};
		80FA00BA2934CCB6009AB229 /* Products */ = {
			isa = PBXGroup;
			children = (
				80FA00B92934CCB6009AB229 /* TabBarDemo.app */,
			);
			name = Products;
			sourceTree = "<group>";
		};
		80FA00BB2934CCB6009AB229 /* TabBarDemo */ = {
			isa = PBXGroup;
			children = (
				80FA00BC2934CCB6009AB229 /* AppDelegate.swift */,
				80FA00BE2934CCB6009AB229 /* SceneDelegate.swift */,
				80FA00C02934CCB6009AB229 /* ViewController.swift */,
				80FA00D62934D539009AB229 /* CollectionViewCell.swift */,
				80FA00C22934CCB6009AB229 /* Main.storyboard */,
				8009CE0E29360ED500291759 /* CellData.swift */,
				8009CE1029360EE300291759 /* CellData.xib */,
				8009CE0C2936069B00291759 /* VC3.swift */,
				80FA00C52934CCBB009AB229 /* Assets.xcassets */,
				8009CDFA2935F0AF00291759 /* Flower1.jpeg */,
				8009CDFE2935F0BF00291759 /* Flower2.jpeg */,
				8009CDFF2935F0BF00291759 /* Flower3.jpeg */,
				8009CDFC2935F0BE00291759 /* flower-4.jpeg */,
				8009CDFD2935F0BF00291759 /* flower-5.jpeg */,
				80FA00C72934CCBB009AB229 /* LaunchScreen.storyboard */,
				80FA00CA2934CCBB009AB229 /* Info.plist */,
				8009CE06293602F000291759 /* User.swift */,
			);
			path = TabBarDemo;
			sourceTree = "<group>";
		};
/* End PBXGroup section */

/* Begin PBXNativeTarget section */
		80FA00B82934CCB6009AB229 /* TabBarDemo */ = {
			isa = PBXNativeTarget;
			buildConfigurationList = 80FA00CD2934CCBB009AB229 /* Build configuration list for PBXNativeTarget "TabBarDemo" */;
			buildPhases = (
				80FA00B52934CCB6009AB229 /* Sources */,
				80FA00B62934CCB6009AB229 /* Frameworks */,
				80FA00B72934CCB6009AB229 /* Resources */,
			);
			buildRules = (
			);
			dependencies = (
			);
			name = TabBarDemo;
			productName = TabBarDemo;
			productReference = 80FA00B92934CCB6009AB229 /* TabBarDemo.app */;
			productType = "com.apple.product-type.application";
		};
/* End PBXNativeTarget section */

/* Begin PBXProject section */
		80FA00B12934CCB6009AB229 /* Project object */ = {
			isa = PBXProject;
			attributes = {
				BuildIndependentTargetsInParallel = 1;
				LastSwiftUpdateCheck = 1340;
				LastUpgradeCheck = 1340;
				TargetAttributes = {
					80FA00B82934CCB6009AB229 = {
						CreatedOnToolsVersion = 13.4.1;
					};
				};
			};
			buildConfigurationList = 80FA00B42934CCB6009AB229 /* Build configuration list for PBXProject "TabBarDemo" */;
			compatibilityVersion = "Xcode 13.0";
			developmentRegion = en;
			hasScannedForEncodings = 0;
			knownRegions = (
				en,
				Base,
			);
			mainGroup = 80FA00B02934CCB6009AB229;
			productRefGroup = 80FA00BA2934CCB6009AB229 /* Products */;
			projectDirPath = "";
			projectRoot = "";
			targets = (
				80FA00B82934CCB6009AB229 /* TabBarDemo */,
			);
		};
/* End PBXProject section */

/* Begin PBXResourcesBuildPhase section */
		80FA00B72934CCB6009AB229 /* Resources */ = {
			isa = PBXResourcesBuildPhase;
			buildActionMask = 2147483647;
			files = (
				8009CE002935F0BF00291759 /* flower-4.jpeg in Resources */,
				8009CDFB2935F0AF00291759 /* Flower1.jpeg in Resources */,
				8009CE032935F0BF00291759 /* Flower3.jpeg in Resources */,
				8009CE1129360EE300291759 /* CellData.xib in Resources */,
				8009CE012935F0BF00291759 /* flower-5.jpeg in Resources */,
				80FA00C92934CCBB009AB229 /* LaunchScreen.storyboard in Resources */,
				8009CE022935F0BF00291759 /* Flower2.jpeg in Resources */,
				80FA00C62934CCBB009AB229 /* Assets.xcassets in Resources */,
				80FA00C42934CCB6009AB229 /* Main.storyboard in Resources */,
			);
			runOnlyForDeploymentPostprocessing = 0;
		};
/* End PBXResourcesBuildPhase section */

/* Begin PBXSourcesBuildPhase section */
		80FA00B52934CCB6009AB229 /* Sources */ = {
			isa = PBXSourcesBuildPhase;
			buildActionMask = 2147483647;
			files = (
				8009CE0D2936069B00291759 /* VC3.swift in Sources */,
				80FA00C12934CCB6009AB229 /* ViewController.swift in Sources */,
				80FA00BD2934CCB6009AB229 /* AppDelegate.swift in Sources */,
				8009CE0F29360ED500291759 /* CellData.swift in Sources */,
				8009CE07293602F000291759 /* User.swift in Sources */,
				8009CE052936025600291759 /* TabBarControllerVC2.swift in Sources */,
				80FA00D72934D539009AB229 /* CollectionViewCell.swift in Sources */,
				80FA00BF2934CCB6009AB229 /* SceneDelegate.swift in Sources */,
			);
			runOnlyForDeploymentPostprocessing = 0;
		};
/* End PBXSourcesBuildPhase section */

/* Begin PBXVariantGroup section */
		80FA00C22934CCB6009AB229 /* Main.storyboard */ = {
			isa = PBXVariantGroup;
			children = (
				80FA00C32934CCB6009AB229 /* Base */,
			);
			name = Main.storyboard;
			sourceTree = "<group>";
		};
		80FA00C72934CCBB009AB229 /* LaunchScreen.storyboard */ = {
			isa = PBXVariantGroup;
			children = (
				80FA00C82934CCBB009AB229 /* Base */,
			);
			name = LaunchScreen.storyboard;
			sourceTree = "<group>";
		};
/* End PBXVariantGroup section */

/* Begin XCBuildConfiguration section */
		80FA00CB2934CCBB009AB229 /* Debug */ = {
			isa = XCBuildConfiguration;
			buildSettings = {
				ALWAYS_SEARCH_USER_PATHS = NO;
				CLANG_ANALYZER_NONNULL = YES;
				CLANG_ANALYZER_NUMBER_OBJECT_CONVERSION = YES_AGGRESSIVE;
				CLANG_CXX_LANGUAGE_STANDARD = "gnu++17";
				CLANG_ENABLE_MODULES = YES;
				CLANG_ENABLE_OBJC_ARC = YES;
				CLANG_ENABLE_OBJC_WEAK = YES;
				CLANG_WARN_BLOCK_CAPTURE_AUTORELEASING = YES;
				CLANG_WARN_BOOL_CONVERSION = YES;
				CLANG_WARN_COMMA = YES;
				CLANG_WARN_CONSTANT_CONVERSION = YES;
				CLANG_WARN_DEPRECATED_OBJC_IMPLEMENTATIONS = YES;
				CLANG_WARN_DIRECT_OBJC_ISA_USAGE = YES_ERROR;
				CLANG_WARN_DOCUMENTATION_COMMENTS = YES;
				CLANG_WARN_EMPTY_BODY = YES;
				CLANG_WARN_ENUM_CONVERSION = YES;
				CLANG_WARN_INFINITE_RECURSION = YES;
				CLANG_WARN_INT_CONVERSION = YES;
				CLANG_WARN_NON_LITERAL_NULL_CONVERSION = YES;
				CLANG_WARN_OBJC_IMPLICIT_RETAIN_SELF = YES;
				CLANG_WARN_OBJC_LITERAL_CONVERSION = YES;
				CLANG_WARN_OBJC_ROOT_CLASS = YES_ERROR;
				CLANG_WARN_QUOTED_INCLUDE_IN_FRAMEWORK_HEADER = YES;
				CLANG_WARN_RANGE_LOOP_ANALYSIS = YES;
				CLANG_WARN_STRICT_PROTOTYPES = YES;
				CLANG_WARN_SUSPICIOUS_MOVE = YES;
				CLANG_WARN_UNGUARDED_AVAILABILITY = YES_AGGRESSIVE;
				CLANG_WARN_UNREACHABLE_CODE = YES;
				CLANG_WARN__DUPLICATE_METHOD_MATCH = YES;
				COPY_PHASE_STRIP = NO;
				DEBUG_INFORMATION_FORMAT = dwarf;
				ENABLE_STRICT_OBJC_MSGSEND = YES;
				ENABLE_TESTABILITY = YES;
				GCC_C_LANGUAGE_STANDARD = gnu11;
				GCC_DYNAMIC_NO_PIC = NO;
				GCC_NO_COMMON_BLOCKS = YES;
				GCC_OPTIMIZATION_LEVEL = 0;
				GCC_PREPROCESSOR_DEFINITIONS = (
					"DEBUG=1",
					"$(inherited)",
				);
				GCC_WARN_64_TO_32_BIT_CONVERSION = YES;
				GCC_WARN_ABOUT_RETURN_TYPE = YES_ERROR;
				GCC_WARN_UNDECLARED_SELECTOR = YES;
				GCC_WARN_UNINITIALIZED_AUTOS = YES_AGGRESSIVE;
				GCC_WARN_UNUSED_FUNCTION = YES;
				GCC_WARN_UNUSED_VARIABLE = YES;
				IPHONEOS_DEPLOYMENT_TARGET = 15.5;
				MTL_ENABLE_DEBUG_INFO = INCLUDE_SOURCE;
				MTL_FAST_MATH = YES;
				ONLY_ACTIVE_ARCH = YES;
				SDKROOT = iphoneos;
				SWIFT_ACTIVE_COMPILATION_CONDITIONS = DEBUG;
				SWIFT_OPTIMIZATION_LEVEL = "-Onone";
			};
			name = Debug;
		};
		80FA00CC2934CCBB009AB229 /* Release */ = {
			isa = XCBuildConfiguration;
			buildSettings = {
				ALWAYS_SEARCH_USER_PATHS = NO;
				CLANG_ANALYZER_NONNULL = YES;
				CLANG_ANALYZER_NUMBER_OBJECT_CONVERSION = YES_AGGRESSIVE;
				CLANG_CXX_LANGUAGE_STANDARD = "gnu++17";
				CLANG_ENABLE_MODULES = YES;
				CLANG_ENABLE_OBJC_ARC = YES;
				CLANG_ENABLE_OBJC_WEAK = YES;
				CLANG_WARN_BLOCK_CAPTURE_AUTORELEASING = YES;
				CLANG_WARN_BOOL_CONVERSION = YES;
				CLANG_WARN_COMMA = YES;
				CLANG_WARN_CONSTANT_CONVERSION = YES;
				CLANG_WARN_DEPRECATED_OBJC_IMPLEMENTATIONS = YES;
				CLANG_WARN_DIRECT_OBJC_ISA_USAGE = YES_ERROR;
				CLANG_WARN_DOCUMENTATION_COMMENTS = YES;
				CLANG_WARN_EMPTY_BODY = YES;
				CLANG_WARN_ENUM_CONVERSION = YES;
				CLANG_WARN_INFINITE_RECURSION = YES;
				CLANG_WARN_INT_CONVERSION = YES;
				CLANG_WARN_NON_LITERAL_NULL_CONVERSION = YES;
				CLANG_WARN_OBJC_IMPLICIT_RETAIN_SELF = YES;
				CLANG_WARN_OBJC_LITERAL_CONVERSION = YES;
				CLANG_WARN_OBJC_ROOT_CLASS = YES_ERROR;
				CLANG_WARN_QUOTED_INCLUDE_IN_FRAMEWORK_HEADER = YES;
				CLANG_WARN_RANGE_LOOP_ANALYSIS = YES;
				CLANG_WARN_STRICT_PROTOTYPES = YES;
				CLANG_WARN_SUSPICIOUS_MOVE = YES;
				CLANG_WARN_UNGUARDED_AVAILABILITY = YES_AGGRESSIVE;
				CLANG_WARN_UNREACHABLE_CODE = YES;
				CLANG_WARN__DUPLICATE_METHOD_MATCH = YES;
				COPY_PHASE_STRIP = NO;
				DEBUG_INFORMATION_FORMAT = "dwarf-with-dsym";
				ENABLE_NS_ASSERTIONS = NO;
				ENABLE_STRICT_OBJC_MSGSEND = YES;
				GCC_C_LANGUAGE_STANDARD = gnu11;
				GCC_NO_COMMON_BLOCKS = YES;
				GCC_WARN_64_TO_32_BIT_CONVERSION = YES;
				GCC_WARN_ABOUT_RETURN_TYPE = YES_ERROR;
				GCC_WARN_UNDECLARED_SELECTOR = YES;
				GCC_WARN_UNINITIALIZED_AUTOS = YES_AGGRESSIVE;
				GCC_WARN_UNUSED_FUNCTION = YES;
				GCC_WARN_UNUSED_VARIABLE = YES;
				IPHONEOS_DEPLOYMENT_TARGET = 15.5;
				MTL_ENABLE_DEBUG_INFO = NO;
				MTL_FAST_MATH = YES;
				SDKROOT = iphoneos;
				SWIFT_COMPILATION_MODE = wholemodule;
				SWIFT_OPTIMIZATION_LEVEL = "-O";
				VALIDATE_PRODUCT = YES;
			};
			name = Release;
		};
		80FA00CE2934CCBB009AB229 /* Debug */ = {
			isa = XCBuildConfiguration;
			buildSettings = {
				ASSETCATALOG_COMPILER_APPICON_NAME = AppIcon;
				ASSETCATALOG_COMPILER_GLOBAL_ACCENT_COLOR_NAME = AccentColor;
				CODE_SIGN_STYLE = Automatic;
				CURRENT_PROJECT_VERSION = 1;
				GENERATE_INFOPLIST_FILE = YES;
				INFOPLIST_FILE = TabBarDemo/Info.plist;
				INFOPLIST_KEY_UIApplicationSupportsIndirectInputEvents = YES;
				INFOPLIST_KEY_UILaunchStoryboardName = LaunchScreen;
				INFOPLIST_KEY_UIMainStoryboardFile = Main;
				INFOPLIST_KEY_UISupportedInterfaceOrientations_iPad = "UIInterfaceOrientationPortrait UIInterfaceOrientationPortraitUpsideDown UIInterfaceOrientationLandscapeLeft UIInterfaceOrientationLandscapeRight";
				INFOPLIST_KEY_UISupportedInterfaceOrientations_iPhone = "UIInterfaceOrientationPortrait UIInterfaceOrientationLandscapeLeft UIInterfaceOrientationLandscapeRight";
				LD_RUNPATH_SEARCH_PATHS = (
					"$(inherited)",
					"@executable_path/Frameworks",
				);
				MARKETING_VERSION = 1.0;
				PRODUCT_BUNDLE_IDENTIFIER = com.rachana.TabBarDemo;
				PRODUCT_NAME = "$(TARGET_NAME)";
				SWIFT_EMIT_LOC_STRINGS = YES;
				SWIFT_VERSION = 5.0;
				TARGETED_DEVICE_FAMILY = "1,2";
			};
			name = Debug;
		};
		80FA00CF2934CCBB009AB229 /* Release */ = {
			isa = XCBuildConfiguration;
			buildSettings = {
				ASSETCATALOG_COMPILER_APPICON_NAME = AppIcon;
				ASSETCATALOG_COMPILER_GLOBAL_ACCENT_COLOR_NAME = AccentColor;
				CODE_SIGN_STYLE = Automatic;
				CURRENT_PROJECT_VERSION = 1;
				GENERATE_INFOPLIST_FILE = YES;
				INFOPLIST_FILE = TabBarDemo/Info.plist;
				INFOPLIST_KEY_UIApplicationSupportsIndirectInputEvents = YES;
				INFOPLIST_KEY_UILaunchStoryboardName = LaunchScreen;
				INFOPLIST_KEY_UIMainStoryboardFile = Main;
				INFOPLIST_KEY_UISupportedInterfaceOrientations_iPad = "UIInterfaceOrientationPortrait UIInterfaceOrientationPortraitUpsideDown UIInterfaceOrientationLandscapeLeft UIInterfaceOrientationLandscapeRight";
				INFOPLIST_KEY_UISupportedInterfaceOrientations_iPhone = "UIInterfaceOrientationPortrait UIInterfaceOrientationLandscapeLeft UIInterfaceOrientationLandscapeRight";
				LD_RUNPATH_SEARCH_PATHS = (
					"$(inherited)",
					"@executable_path/Frameworks",
				);
				MARKETING_VERSION = 1.0;
				PRODUCT_BUNDLE_IDENTIFIER = com.rachana.TabBarDemo;
				PRODUCT_NAME = "$(TARGET_NAME)";
				SWIFT_EMIT_LOC_STRINGS = YES;
				SWIFT_VERSION = 5.0;
				TARGETED_DEVICE_FAMILY = "1,2";
			};
			name = Release;
		};
/* End XCBuildConfiguration section */

/* Begin XCConfigurationList section */
		80FA00B42934CCB6009AB229 /* Build configuration list for PBXProject "TabBarDemo" */ = {
			isa = XCConfigurationList;
			buildConfigurations = (
				80FA00CB2934CCBB009AB229 /* Debug */,
				80FA00CC2934CCBB009AB229 /* Release */,
			);
			defaultConfigurationIsVisible = 0;
			defaultConfigurationName = Release;
		};
		80FA00CD2934CCBB009AB229 /* Build configuration list for PBXNativeTarget "TabBarDemo" */ = {
			isa = XCConfigurationList;
			buildConfigurations = (
				80FA00CE2934CCBB009AB229 /* Debug */,
				80FA00CF2934CCBB009AB229 /* Release */,
			);
			defaultConfigurationIsVisible = 0;
			defaultConfigurationName = Release;
		};
/* End XCConfigurationList section */
	};
	rootObject = 80FA00B12934CCB6009AB229 /* Project object */;
}
